
Microsoft Visual Studio Solution File, Format Version 12.00
# Visual Studio Version 16
VisualStudioVersion = 16.0.29102.190
MinimumVisualStudioVersion = 10.0.40219.1
Project("{FAE04EC0-301F-11D3-BF4B-00C04F79EFBC}") = "DesignPatterns", "DesignPatterns.csproj", "{1D14008B-D935-46A5-9017-E1BA0B0F899E}"
EndProject
Global
	GlobalSection(SolutionConfigurationPlatforms) = preSolution
		Debug|Any CPU = Debug|Any CPU
		Release|Any CPU = Release|Any CPU
	EndGlobalSection
	GlobalSection(ProjectConfigurationPlatforms) = postSolution
		{1D14008B-D935-46A5-9017-E1BA0B0F899E}.Debug|Any CPU.ActiveCfg = Debug|Any CPU
		{1D14008B-D935-46A5-9017-E1BA0B0F899E}.Debug|Any CPU.Build.0 = Debug|Any CPU
		{1D14008B-D935-46A5-9017-E1BA0B0F899E}.Release|Any CPU.ActiveCfg = Release|Any CPU
		{1D14008B-D935-46A5-9017-E1BA0B0F899E}.Release|Any CPU.Build.0 = Release|Any CPU
	EndGlobalSection
	GlobalSection(SolutionProperties) = preSolution
		HideSolutionNode = FALSE
	EndGlobalSection
	GlobalSection(ExtensibilityGlobals) = postSolution
		SolutionGuid = {17B89A33-69C0-4B4D-AD44-8CE7C0A039A8}
	EndGlobalSection
EndGlobal
